# THIS IS AN AUTOGENERATED FILE. DO NOT EDIT THIS FILE DIRECTLY.
# yarn lockfile v1


prisma2@^2.0.0-preview024:
  version "2.0.0-preview024"
  resolved "https://registry.yarnpkg.com/prisma2/-/prisma2-2.0.0-preview024.tgz#6d2004c5a0d2f58e09c5d9eabe1c5eb8d9b2d7e2"
  integrity sha512-hQJjD0/Wv7evgH2XzHN1pSJPiVgZd8QI0cDyP+1mECUs4NBCUCrxPao7eNF5g8HGsjs30YR2/ree6i6TuwmfiQ==
